
Microsoft Visual Studio Solution File, Format Version 12.00
# Visual Studio Version 16
VisualStudioVersion = 16.0.30114.105
MinimumVisualStudioVersion = 10.0.40219.1
Project("{9A19103F-16F7-4668-BE54-9A1E7A4F7556}") = "VidyaSadhan_API", "VidyaSadhan_API\VidyaSadhan_API.csproj", "{A5029958-9366-4308-8FD7-B348B99631ED}"
EndProject
Project("{9A19103F-16F7-4668-BE54-9A1E7A4F7556}") = "VS_GAPI", "VS_GAPI\VS_GAPI.csproj", "{2382FA94-E99A-4CB8-A065-C2CE3C8A227A}"
EndProject
Project("{FAE04EC0-301F-11D3-BF4B-00C04F79EFBC}") = "VS_Models", "VS_Models\VS_Models.csproj", "{429C0A3F-3FC3-42C8-9AA0-379A17A79D05}"
EndProject
Global
	GlobalSection(SolutionConfigurationPlatforms) = preSolution
		Debug|Any CPU = Debug|Any CPU
		Release|Any CPU = Release|Any CPU
	EndGlobalSection
	GlobalSection(ProjectConfigurationPlatforms) = postSolution
		{A5029958-9366-4308-8FD7-B348B99631ED}.Debug|Any CPU.ActiveCfg = Debug|Any CPU
		{A5029958-9366-4308-8FD7-B348B99631ED}.Debug|Any CPU.Build.0 = Debug|Any CPU
		{A5029958-9366-4308-8FD7-B348B99631ED}.Release|Any CPU.ActiveCfg = Release|Any CPU
		{A5029958-9366-4308-8FD7-B348B99631ED}.Release|Any CPU.Build.0 = Release|Any CPU
		{2382FA94-E99A-4CB8-A065-C2CE3C8A227A}.Debug|Any CPU.ActiveCfg = Debug|Any CPU
		{2382FA94-E99A-4CB8-A065-C2CE3C8A227A}.Debug|Any CPU.Build.0 = Debug|Any CPU
		{2382FA94-E99A-4CB8-A065-C2CE3C8A227A}.Release|Any CPU.ActiveCfg = Release|Any CPU
		{2382FA94-E99A-4CB8-A065-C2CE3C8A227A}.Release|Any CPU.Build.0 = Release|Any CPU
		{429C0A3F-3FC3-42C8-9AA0-379A17A79D05}.Debug|Any CPU.ActiveCfg = Debug|Any CPU
		{429C0A3F-3FC3-42C8-9AA0-379A17A79D05}.Debug|Any CPU.Build.0 = Debug|Any CPU
		{429C0A3F-3FC3-42C8-9AA0-379A17A79D05}.Release|Any CPU.ActiveCfg = Release|Any CPU
		{429C0A3F-3FC3-42C8-9AA0-379A17A79D05}.Release|Any CPU.Build.0 = Release|Any CPU
	EndGlobalSection
	GlobalSection(SolutionProperties) = preSolution
		HideSolutionNode = FALSE
	EndGlobalSection
	GlobalSection(ExtensibilityGlobals) = postSolution
		SolutionGuid = {FFAFA27A-49D3-49B7-BCC0-AD138CF40F01}
	EndGlobalSection
EndGlobal
